
Microsoft Visual Studio Solution File, Format Version 12.00
# Visual Studio 15
VisualStudioVersion = 15.0.27703.2000
MinimumVisualStudioVersion = 10.0.40219.1
Project("{2150E333-8FDC-42A3-9474-1A3956D46DE8}") = "2.BusinessLogic", "2.BusinessLogic", "{5A6FA1A0-2385-4E48-B84D-217342EA72F9}"
EndProject
Project("{2150E333-8FDC-42A3-9474-1A3956D46DE8}") = "3.DataAccess", "3.DataAccess", "{A79B29B8-F5BD-4EAB-9438-7B7FD37BF0E8}"
EndProject
Project("{2150E333-8FDC-42A3-9474-1A3956D46DE8}") = "1.UserInterface", "1.UserInterface", "{BA8F56AB-D788-40BD-BFFF-27426D6602FD}"
EndProject
Project("{2150E333-8FDC-42A3-9474-1A3956D46DE8}") = "4.Common", "4.Common", "{8873E496-D775-4D6B-9EFB-2BBE4396C2F7}"
EndProject
Project("{9A19103F-16F7-4668-BE54-9A1E7A4F7556}") = "KRDN.Model", "KRDN.Model\KRDN.Model.csproj", "{47875072-F25F-48C5-9D0D-287770186261}"
EndProject
Project("{9A19103F-16F7-4668-BE54-9A1E7A4F7556}") = "KRDN.IDAL", "KRDN.IDAL\KRDN.IDAL.csproj", "{7F82289A-556D-463B-B2C3-0FE26AE6D158}"
EndProject
Project("{9A19103F-16F7-4668-BE54-9A1E7A4F7556}") = "KRDN.MSSQL.DAL", "KRDN.DAL\KRDN.MSSQL.DAL.csproj", "{069691D0-11B0-4CE9-9D7B-A4C02994BDBC}"
EndProject
Project("{9A19103F-16F7-4668-BE54-9A1E7A4F7556}") = "KRDN.BLL", "KRDN.BLL\KRDN.BLL.csproj", "{F21D6C0C-F32B-43F8-9AFE-AFE62F7D9890}"
EndProject
Project("{9A19103F-16F7-4668-BE54-9A1E7A4F7556}") = "KRDN.WebCoreMVC", "KRDN.WebCoreMVC\KRDN.WebCoreMVC.csproj", "{4D15F7EE-6DD7-4BBC-B613-EDC0C0EC8EA4}"
EndProject
Project("{9A19103F-16F7-4668-BE54-9A1E7A4F7556}") = "KRDN.Oracle.DAL", "KRDN.Oracle.DAL\KRDN.Oracle.DAL.csproj", "{4067934A-5D70-4DFA-86E9-1072ED8576F8}"
EndProject
Global
	GlobalSection(SolutionConfigurationPlatforms) = preSolution
		Debug|Any CPU = Debug|Any CPU
		Release|Any CPU = Release|Any CPU
	EndGlobalSection
	GlobalSection(ProjectConfigurationPlatforms) = postSolution
		{47875072-F25F-48C5-9D0D-287770186261}.Debug|Any CPU.ActiveCfg = Debug|Any CPU
		{47875072-F25F-48C5-9D0D-287770186261}.Debug|Any CPU.Build.0 = Debug|Any CPU
		{47875072-F25F-48C5-9D0D-287770186261}.Release|Any CPU.ActiveCfg = Release|Any CPU
		{47875072-F25F-48C5-9D0D-287770186261}.Release|Any CPU.Build.0 = Release|Any CPU
		{7F82289A-556D-463B-B2C3-0FE26AE6D158}.Debug|Any CPU.ActiveCfg = Debug|Any CPU
		{7F82289A-556D-463B-B2C3-0FE26AE6D158}.Debug|Any CPU.Build.0 = Debug|Any CPU
		{7F82289A-556D-463B-B2C3-0FE26AE6D158}.Release|Any CPU.ActiveCfg = Release|Any CPU
		{7F82289A-556D-463B-B2C3-0FE26AE6D158}.Release|Any CPU.Build.0 = Release|Any CPU
		{069691D0-11B0-4CE9-9D7B-A4C02994BDBC}.Debug|Any CPU.ActiveCfg = Debug|Any CPU
		{069691D0-11B0-4CE9-9D7B-A4C02994BDBC}.Debug|Any CPU.Build.0 = Debug|Any CPU
		{069691D0-11B0-4CE9-9D7B-A4C02994BDBC}.Release|Any CPU.ActiveCfg = Release|Any CPU
		{069691D0-11B0-4CE9-9D7B-A4C02994BDBC}.Release|Any CPU.Build.0 = Release|Any CPU
		{F21D6C0C-F32B-43F8-9AFE-AFE62F7D9890}.Debug|Any CPU.ActiveCfg = Debug|Any CPU
		{F21D6C0C-F32B-43F8-9AFE-AFE62F7D9890}.Debug|Any CPU.Build.0 = Debug|Any CPU
		{F21D6C0C-F32B-43F8-9AFE-AFE62F7D9890}.Release|Any CPU.ActiveCfg = Release|Any CPU
		{F21D6C0C-F32B-43F8-9AFE-AFE62F7D9890}.Release|Any CPU.Build.0 = Release|Any CPU
		{4D15F7EE-6DD7-4BBC-B613-EDC0C0EC8EA4}.Debug|Any CPU.ActiveCfg = Debug|Any CPU
		{4D15F7EE-6DD7-4BBC-B613-EDC0C0EC8EA4}.Debug|Any CPU.Build.0 = Debug|Any CPU
		{4D15F7EE-6DD7-4BBC-B613-EDC0C0EC8EA4}.Release|Any CPU.ActiveCfg = Release|Any CPU
		{4D15F7EE-6DD7-4BBC-B613-EDC0C0EC8EA4}.Release|Any CPU.Build.0 = Release|Any CPU
		{4067934A-5D70-4DFA-86E9-1072ED8576F8}.Debug|Any CPU.ActiveCfg = Debug|Any CPU
		{4067934A-5D70-4DFA-86E9-1072ED8576F8}.Debug|Any CPU.Build.0 = Debug|Any CPU
		{4067934A-5D70-4DFA-86E9-1072ED8576F8}.Release|Any CPU.ActiveCfg = Release|Any CPU
		{4067934A-5D70-4DFA-86E9-1072ED8576F8}.Release|Any CPU.Build.0 = Release|Any CPU
	EndGlobalSection
	GlobalSection(SolutionProperties) = preSolution
		HideSolutionNode = FALSE
	EndGlobalSection
	GlobalSection(NestedProjects) = preSolution
		{47875072-F25F-48C5-9D0D-287770186261} = {8873E496-D775-4D6B-9EFB-2BBE4396C2F7}
		{7F82289A-556D-463B-B2C3-0FE26AE6D158} = {A79B29B8-F5BD-4EAB-9438-7B7FD37BF0E8}
		{069691D0-11B0-4CE9-9D7B-A4C02994BDBC} = {A79B29B8-F5BD-4EAB-9438-7B7FD37BF0E8}
		{F21D6C0C-F32B-43F8-9AFE-AFE62F7D9890} = {5A6FA1A0-2385-4E48-B84D-217342EA72F9}
		{4D15F7EE-6DD7-4BBC-B613-EDC0C0EC8EA4} = {BA8F56AB-D788-40BD-BFFF-27426D6602FD}
		{4067934A-5D70-4DFA-86E9-1072ED8576F8} = {A79B29B8-F5BD-4EAB-9438-7B7FD37BF0E8}
	EndGlobalSection
	GlobalSection(ExtensibilityGlobals) = postSolution
		SolutionGuid = {F32806B0-EEF1-423F-A2AE-5FD545C41CDF}
	EndGlobalSection
EndGlobal
